// !$*UTF8*$!
{
	archiveVersion = 1;
	classes = {
	};
	objectVersion = 50;
	objects = {

/* Begin PBXBuildFile section */
		4F655E4E21441ED300FE10C7 /* AppDelegate.swift in Sources */ = {isa = PBXBuildFile; fileRef = 4F655E4D21441ED300FE10C7 /* AppDelegate.swift */; };
		4F655E5021441ED300FE10C7 /* ViewController.swift in Sources */ = {isa = PBXBuildFile; fileRef = 4F655E4F21441ED300FE10C7 /* ViewController.swift */; };
		4F655E5321441ED300FE10C7 /* Main.storyboard in Resources */ = {isa = PBXBuildFile; fileRef = 4F655E5121441ED300FE10C7 /* Main.storyboard */; };
		4F655E5521441EDD00FE10C7 /* Assets.xcassets in Resources */ = {isa = PBXBuildFile; fileRef = 4F655E5421441EDD00FE10C7 /* Assets.xcassets */; };
		4F655E5821441EDD00FE10C7 /* LaunchScreen.storyboard in Resources */ = {isa = PBXBuildFile; fileRef = 4F655E5621441EDD00FE10C7 /* LaunchScreen.storyboard */; };
		4F655E6121441F9D00FE10C7 /* GenericService.swift in Sources */ = {isa = PBXBuildFile; fileRef = 4F655E6021441F9D00FE10C7 /* GenericService.swift */; };
		4F655E6321442CA800FE10C7 /* GithubService.swift in Sources */ = {isa = PBXBuildFile; fileRef = 4F655E6221442CA800FE10C7 /* GithubService.swift */; };
		4F655E6621466E4800FE10C7 /* GithubRepo.swift in Sources */ = {isa = PBXBuildFile; fileRef = 4F655E6521466E4800FE10C7 /* GithubRepo.swift */; };
		4F655E68214670EC00FE10C7 /* GenericResponse.swift in Sources */ = {isa = PBXBuildFile; fileRef = 4F655E67214670EC00FE10C7 /* GenericResponse.swift */; };
		4F655E6D214671B000FE10C7 /* GithubService+GetRepos.swift in Sources */ = {isa = PBXBuildFile; fileRef = 4F655E6C214671B000FE10C7 /* GithubService+GetRepos.swift */; };
		9EC31F7BD2F4BEB90DBD7E10 /* Pods_AlamofireObjectMapperKit.framework in Frameworks */ = {isa = PBXBuildFile; fileRef = 97529EF7800F8C1FB9397D6B /* Pods_AlamofireObjectMapperKit.framework */; };
/* End PBXBuildFile section */

/* Begin PBXFileReference section */
		11C63C8F63440D66E97E6568 /* Pods-AlamofireObjectMapperKit.debug.xcconfig */ = {isa = PBXFileReference; includeInIndex = 1; lastKnownFileType = text.xcconfig; name = "Pods-AlamofireObjectMapperKit.debug.xcconfig"; path = "Pods/Target Support Files/Pods-AlamofireObjectMapperKit/Pods-AlamofireObjectMapperKit.debug.xcconfig"; sourceTree = "<group>"; };
		1C59C51414BCFB8AC9A22B7E /* Pods-AlamofireObjectMapperKit.release.xcconfig */ = {isa = PBXFileReference; includeInIndex = 1; lastKnownFileType = text.xcconfig; name = "Pods-AlamofireObjectMapperKit.release.xcconfig"; path = "Pods/Target Support Files/Pods-AlamofireObjectMapperKit/Pods-AlamofireObjectMapperKit.release.xcconfig"; sourceTree = "<group>"; };
		4F655E4A21441ED300FE10C7 /* AlamofireObjectMapperKit.app */ = {isa = PBXFileReference; explicitFileType = wrapper.application; includeInIndex = 0; path = AlamofireObjectMapperKit.app; sourceTree = BUILT_PRODUCTS_DIR; };
		4F655E4D21441ED300FE10C7 /* AppDelegate.swift */ = {isa = PBXFileReference; lastKnownFileType = sourcecode.swift; path = AppDelegate.swift; sourceTree = "<group>"; };
		4F655E4F21441ED300FE10C7 /* ViewController.swift */ = {isa = PBXFileReference; lastKnownFileType = sourcecode.swift; path = ViewController.swift; sourceTree = "<group>"; };
		4F655E5221441ED300FE10C7 /* Base */ = {isa = PBXFileReference; lastKnownFileType = file.storyboard; name = Base; path = Base.lproj/Main.storyboard; sourceTree = "<group>"; };
		4F655E5421441EDD00FE10C7 /* Assets.xcassets */ = {isa = PBXFileReference; lastKnownFileType = folder.assetcatalog; path = Assets.xcassets; sourceTree = "<group>"; };
		4F655E5721441EDD00FE10C7 /* Base */ = {isa = PBXFileReference; lastKnownFileType = file.storyboard; name = Base; path = Base.lproj/LaunchScreen.storyboard; sourceTree = "<group>"; };
		4F655E5921441EDD00FE10C7 /* Info.plist */ = {isa = PBXFileReference; lastKnownFileType = text.plist.xml; path = Info.plist; sourceTree = "<group>"; };
		4F655E6021441F9D00FE10C7 /* GenericService.swift */ = {isa = PBXFileReference; lastKnownFileType = sourcecode.swift; path = GenericService.swift; sourceTree = "<group>"; };
		4F655E6221442CA800FE10C7 /* GithubService.swift */ = {isa = PBXFileReference; lastKnownFileType = sourcecode.swift; path = GithubService.swift; sourceTree = "<group>"; };
		4F655E6521466E4800FE10C7 /* GithubRepo.swift */ = {isa = PBXFileReference; lastKnownFileType = sourcecode.swift; path = GithubRepo.swift; sourceTree = "<group>"; };
		4F655E67214670EC00FE10C7 /* GenericResponse.swift */ = {isa = PBXFileReference; lastKnownFileType = sourcecode.swift; path = GenericResponse.swift; sourceTree = "<group>"; };
		4F655E6C214671B000FE10C7 /* GithubService+GetRepos.swift */ = {isa = PBXFileReference; lastKnownFileType = sourcecode.swift; path = "GithubService+GetRepos.swift"; sourceTree = "<group>"; };
		97529EF7800F8C1FB9397D6B /* Pods_AlamofireObjectMapperKit.framework */ = {isa = PBXFileReference; explicitFileType = wrapper.framework; includeInIndex = 0; path = Pods_AlamofireObjectMapperKit.framework; sourceTree = BUILT_PRODUCTS_DIR; };
/* End PBXFileReference section */

/* Begin PBXFrameworksBuildPhase section */
		4F655E4721441ED300FE10C7 /* Frameworks */ = {
			isa = PBXFrameworksBuildPhase;
			buildActionMask = 2147483647;
			files = (
				9EC31F7BD2F4BEB90DBD7E10 /* Pods_AlamofireObjectMapperKit.framework in Frameworks */,
			);
			runOnlyForDeploymentPostprocessing = 0;
		};
/* End PBXFrameworksBuildPhase section */

/* Begin PBXGroup section */
		4F655E4121441ED300FE10C7 = {
			isa = PBXGroup;
			children = (
				4F655E4C21441ED300FE10C7 /* AlamofireObjectMapperKit */,
				4F655E4B21441ED300FE10C7 /* Products */,
				5FBB2C3645EC12063ED8C607 /* Pods */,
				F2F23FDE80314C78D4C1852C /* Frameworks */,
			);
			sourceTree = "<group>";
		};
		4F655E4B21441ED300FE10C7 /* Products */ = {
			isa = PBXGroup;
			children = (
				4F655E4A21441ED300FE10C7 /* AlamofireObjectMapperKit.app */,
			);
			name = Products;
			sourceTree = "<group>";
		};
		4F655E4C21441ED300FE10C7 /* AlamofireObjectMapperKit */ = {
			isa = PBXGroup;
			children = (
				4F655E6421466E3D00FE10C7 /* Models */,
				4F655E5F21441F8900FE10C7 /* Services */,
				4F655E4D21441ED300FE10C7 /* AppDelegate.swift */,
				4F655E4F21441ED300FE10C7 /* ViewController.swift */,
				4F655E5121441ED300FE10C7 /* Main.storyboard */,
				4F655E5421441EDD00FE10C7 /* Assets.xcassets */,
				4F655E5621441EDD00FE10C7 /* LaunchScreen.storyboard */,
				4F655E5921441EDD00FE10C7 /* Info.plist */,
			);
			path = AlamofireObjectMapperKit;
			sourceTree = "<group>";
		};
		4F655E5F21441F8900FE10C7 /* Services */ = {
			isa = PBXGroup;
			children = (
				4F655E6A2146717E00FE10C7 /* Base */,
				4F655E692146717500FE10C7 /* GithubService */,
			);
			path = Services;
			sourceTree = "<group>";
		};
		4F655E6421466E3D00FE10C7 /* Models */ = {
			isa = PBXGroup;
			children = (
				4F655E6521466E4800FE10C7 /* GithubRepo.swift */,
			);
			path = Models;
			sourceTree = "<group>";
		};
		4F655E692146717500FE10C7 /* GithubService */ = {
			isa = PBXGroup;
			children = (
				4F655E6221442CA800FE10C7 /* GithubService.swift */,
				4F655E6C214671B000FE10C7 /* GithubService+GetRepos.swift */,
			);
			path = GithubService;
			sourceTree = "<group>";
		};
		4F655E6A2146717E00FE10C7 /* Base */ = {
			isa = PBXGroup;
			children = (
				4F655E6021441F9D00FE10C7 /* GenericService.swift */,
				4F655E67214670EC00FE10C7 /* GenericResponse.swift */,
			);
			path = Base;
			sourceTree = "<group>";
		};
		5FBB2C3645EC12063ED8C607 /* Pods */ = {
			isa = PBXGroup;
			children = (
				11C63C8F63440D66E97E6568 /* Pods-AlamofireObjectMapperKit.debug.xcconfig */,
				1C59C51414BCFB8AC9A22B7E /* Pods-AlamofireObjectMapperKit.release.xcconfig */,
			);
			name = Pods;
			sourceTree = "<group>";
		};
		F2F23FDE80314C78D4C1852C /* Frameworks */ = {
			isa = PBXGroup;
			children = (
				97529EF7800F8C1FB9397D6B /* Pods_AlamofireObjectMapperKit.framework */,
			);
			name = Frameworks;
			sourceTree = "<group>";
		};
/* End PBXGroup section */

/* Begin PBXNativeTarget section */
		4F655E4921441ED300FE10C7 /* AlamofireObjectMapperKit */ = {
			isa = PBXNativeTarget;
			buildConfigurationList = 4F655E5C21441EDD00FE10C7 /* Build configuration list for PBXNativeTarget "AlamofireObjectMapperKit" */;
			buildPhases = (
				A83243DA39BB19FA702046E7 /* [CP] Check Pods Manifest.lock */,
				4F655E4621441ED300FE10C7 /* Sources */,
				4F655E4721441ED300FE10C7 /* Frameworks */,
				4F655E4821441ED300FE10C7 /* Resources */,
				CC07A9B59FFD97F58644911E /* [CP] Embed Pods Frameworks */,
			);
			buildRules = (
			);
			dependencies = (
			);
			name = AlamofireObjectMapperKit;
			productName = AlamofireObjectMapperKit;
			productReference = 4F655E4A21441ED300FE10C7 /* AlamofireObjectMapperKit.app */;
			productType = "com.apple.product-type.application";
		};
/* End PBXNativeTarget section */

/* Begin PBXProject section */
		4F655E4221441ED300FE10C7 /* Project object */ = {
			isa = PBXProject;
			attributes = {
				LastSwiftUpdateCheck = 0940;
				LastUpgradeCheck = 0940;
				ORGANIZATIONNAME = AXNET;
				TargetAttributes = {
					4F655E4921441ED300FE10C7 = {
						CreatedOnToolsVersion = 9.4.1;
					};
				};
			};
			buildConfigurationList = 4F655E4521441ED300FE10C7 /* Build configuration list for PBXProject "AlamofireObjectMapperKit" */;
			compatibilityVersion = "Xcode 9.3";
			developmentRegion = en;
			hasScannedForEncodings = 0;
			knownRegions = (
				en,
				Base,
			);
			mainGroup = 4F655E4121441ED300FE10C7;
			productRefGroup = 4F655E4B21441ED300FE10C7 /* Products */;
			projectDirPath = "";
			projectRoot = "";
			targets = (
				4F655E4921441ED300FE10C7 /* AlamofireObjectMapperKit */,
			);
		};
/* End PBXProject section */

/* Begin PBXResourcesBuildPhase section */
		4F655E4821441ED300FE10C7 /* Resources */ = {
			isa = PBXResourcesBuildPhase;
			buildActionMask = 2147483647;
			files = (
				4F655E5821441EDD00FE10C7 /* LaunchScreen.storyboard in Resources */,
				4F655E5521441EDD00FE10C7 /* Assets.xcassets in Resources */,
				4F655E5321441ED300FE10C7 /* Main.storyboard in Resources */,
			);
			runOnlyForDeploymentPostprocessing = 0;
		};
/* End PBXResourcesBuildPhase section */

/* Begin PBXShellScriptBuildPhase section */
		A83243DA39BB19FA702046E7 /* [CP] Check Pods Manifest.lock */ = {
			isa = PBXShellScriptBuildPhase;
			buildActionMask = 2147483647;
			files = (
			);
			inputPaths = (
				"${PODS_PODFILE_DIR_PATH}/Podfile.lock",
				"${PODS_ROOT}/Manifest.lock",
			);
			name = "[CP] Check Pods Manifest.lock";
			outputPaths = (
				"$(DERIVED_FILE_DIR)/Pods-AlamofireObjectMapperKit-checkManifestLockResult.txt",
			);
			runOnlyForDeploymentPostprocessing = 0;
			shellPath = /bin/sh;
			shellScript = "diff \"${PODS_PODFILE_DIR_PATH}/Podfile.lock\" \"${PODS_ROOT}/Manifest.lock\" > /dev/null\nif [ $? != 0 ] ; then\n    # print error to STDERR\n    echo \"error: The sandbox is not in sync with the Podfile.lock. Run 'pod install' or update your CocoaPods installation.\" >&2\n    exit 1\nfi\n# This output is used by Xcode 'outputs' to avoid re-running this script phase.\necho \"SUCCESS\" > \"${SCRIPT_OUTPUT_FILE_0}\"\n";
			showEnvVarsInLog = 0;
		};
		CC07A9B59FFD97F58644911E /* [CP] Embed Pods Frameworks */ = {
			isa = PBXShellScriptBuildPhase;
			buildActionMask = 2147483647;
			files = (
			);
			inputPaths = (
				"${SRCROOT}/Pods/Target Support Files/Pods-AlamofireObjectMapperKit/Pods-AlamofireObjectMapperKit-frameworks.sh",
				"${BUILT_PRODUCTS_DIR}/Alamofire/Alamofire.framework",
				"${BUILT_PRODUCTS_DIR}/ObjectMapper/ObjectMapper.framework",
				"${BUILT_PRODUCTS_DIR}/PromiseKit/PromiseKit.framework",
				"${BUILT_PRODUCTS_DIR}/SwiftyJSON/SwiftyJSON.framework",
			);
			name = "[CP] Embed Pods Frameworks";
			outputPaths = (
				"${TARGET_BUILD_DIR}/${FRAMEWORKS_FOLDER_PATH}/Alamofire.framework",
				"${TARGET_BUILD_DIR}/${FRAMEWORKS_FOLDER_PATH}/ObjectMapper.framework",
				"${TARGET_BUILD_DIR}/${FRAMEWORKS_FOLDER_PATH}/PromiseKit.framework",
				"${TARGET_BUILD_DIR}/${FRAMEWORKS_FOLDER_PATH}/SwiftyJSON.framework",
			);
			runOnlyForDeploymentPostprocessing = 0;
			shellPath = /bin/sh;
			shellScript = "\"${SRCROOT}/Pods/Target Support Files/Pods-AlamofireObjectMapperKit/Pods-AlamofireObjectMapperKit-frameworks.sh\"\n";
			showEnvVarsInLog = 0;
		};
/* End PBXShellScriptBuildPhase section */

/* Begin PBXSourcesBuildPhase section */
		4F655E4621441ED300FE10C7 /* Sources */ = {
			isa = PBXSourcesBuildPhase;
			buildActionMask = 2147483647;
			files = (
				4F655E68214670EC00FE10C7 /* GenericResponse.swift in Sources */,
				4F655E5021441ED300FE10C7 /* ViewController.swift in Sources */,
				4F655E4E21441ED300FE10C7 /* AppDelegate.swift in Sources */,
				4F655E6621466E4800FE10C7 /* GithubRepo.swift in Sources */,
				4F655E6D214671B000FE10C7 /* GithubService+GetRepos.swift in Sources */,
				4F655E6321442CA800FE10C7 /* GithubService.swift in Sources */,
				4F655E6121441F9D00FE10C7 /* GenericService.swift in Sources */,
			);
			runOnlyForDeploymentPostprocessing = 0;
		};
/* End PBXSourcesBuildPhase section */

/* Begin PBXVariantGroup section */
		4F655E5121441ED300FE10C7 /* Main.storyboard */ = {
			isa = PBXVariantGroup;
			children = (
				4F655E5221441ED300FE10C7 /* Base */,
			);
			name = Main.storyboard;
			sourceTree = "<group>";
		};
		4F655E5621441EDD00FE10C7 /* LaunchScreen.storyboard */ = {
			isa = PBXVariantGroup;
			children = (
				4F655E5721441EDD00FE10C7 /* Base */,
			);
			name = LaunchScreen.storyboard;
			sourceTree = "<group>";
		};
/* End PBXVariantGroup section */

/* Begin XCBuildConfiguration section */
		4F655E5A21441EDD00FE10C7 /* Debug */ = {
			isa = XCBuildConfiguration;
			buildSettings = {
				ALWAYS_SEARCH_USER_PATHS = NO;
				CLANG_ANALYZER_NONNULL = YES;
				CLANG_ANALYZER_NUMBER_OBJECT_CONVERSION = YES_AGGRESSIVE;
				CLANG_CXX_LANGUAGE_STANDARD = "gnu++14";
				CLANG_CXX_LIBRARY = "libc++";
				CLANG_ENABLE_MODULES = YES;
				CLANG_ENABLE_OBJC_ARC = YES;
				CLANG_ENABLE_OBJC_WEAK = YES;
				CLANG_WARN_BLOCK_CAPTURE_AUTORELEASING = YES;
				CLANG_WARN_BOOL_CONVERSION = YES;
				CLANG_WARN_COMMA = YES;
				CLANG_WARN_CONSTANT_CONVERSION = YES;
				CLANG_WARN_DEPRECATED_OBJC_IMPLEMENTATIONS = YES;
				CLANG_WARN_DIRECT_OBJC_ISA_USAGE = YES_ERROR;
				CLANG_WARN_DOCUMENTATION_COMMENTS = YES;
				CLANG_WARN_EMPTY_BODY = YES;
				CLANG_WARN_ENUM_CONVERSION = YES;
				CLANG_WARN_INFINITE_RECURSION = YES;
				CLANG_WARN_INT_CONVERSION = YES;
				CLANG_WARN_NON_LITERAL_NULL_CONVERSION = YES;
				CLANG_WARN_OBJC_IMPLICIT_RETAIN_SELF = YES;
				CLANG_WARN_OBJC_LITERAL_CONVERSION = YES;
				CLANG_WARN_OBJC_ROOT_CLASS = YES_ERROR;
				CLANG_WARN_RANGE_LOOP_ANALYSIS = YES;
				CLANG_WARN_STRICT_PROTOTYPES = YES;
				CLANG_WARN_SUSPICIOUS_MOVE = YES;
				CLANG_WARN_UNGUARDED_AVAILABILITY = YES_AGGRESSIVE;
				CLANG_WARN_UNREACHABLE_CODE = YES;
				CLANG_WARN__DUPLICATE_METHOD_MATCH = YES;
				CODE_SIGN_IDENTITY = "iPhone Developer";
				COPY_PHASE_STRIP = NO;
				DEBUG_INFORMATION_FORMAT = dwarf;
				ENABLE_STRICT_OBJC_MSGSEND = YES;
				ENABLE_TESTABILITY = YES;
				GCC_C_LANGUAGE_STANDARD = gnu11;
				GCC_DYNAMIC_NO_PIC = NO;
				GCC_NO_COMMON_BLOCKS = YES;
				GCC_OPTIMIZATION_LEVEL = 0;
				GCC_PREPROCESSOR_DEFINITIONS = (
					"DEBUG=1",
					"$(inherited)",
				);
				GCC_WARN_64_TO_32_BIT_CONVERSION = YES;
				GCC_WARN_ABOUT_RETURN_TYPE = YES_ERROR;
				GCC_WARN_UNDECLARED_SELECTOR = YES;
				GCC_WARN_UNINITIALIZED_AUTOS = YES_AGGRESSIVE;
				GCC_WARN_UNUSED_FUNCTION = YES;
				GCC_WARN_UNUSED_VARIABLE = YES;
				IPHONEOS_DEPLOYMENT_TARGET = 11.4;
				MTL_ENABLE_DEBUG_INFO = YES;
				ONLY_ACTIVE_ARCH = YES;
				SDKROOT = iphoneos;
				SWIFT_ACTIVE_COMPILATION_CONDITIONS = DEBUG;
				SWIFT_OPTIMIZATION_LEVEL = "-Onone";
			};
			name = Debug;
		};
		4F655E5B21441EDD00FE10C7 /* Release */ = {
			isa = XCBuildConfiguration;
			buildSettings = {
				ALWAYS_SEARCH_USER_PATHS = NO;
				CLANG_ANALYZER_NONNULL = YES;
				CLANG_ANALYZER_NUMBER_OBJECT_CONVERSION = YES_AGGRESSIVE;
				CLANG_CXX_LANGUAGE_STANDARD = "gnu++14";
				CLANG_CXX_LIBRARY = "libc++";
				CLANG_ENABLE_MODULES = YES;
				CLANG_ENABLE_OBJC_ARC = YES;
				CLANG_ENABLE_OBJC_WEAK = YES;
				CLANG_WARN_BLOCK_CAPTURE_AUTORELEASING = YES;
				CLANG_WARN_BOOL_CONVERSION = YES;
				CLANG_WARN_COMMA = YES;
				CLANG_WARN_CONSTANT_CONVERSION = YES;
				CLANG_WARN_DEPRECATED_OBJC_IMPLEMENTATIONS = YES;
				CLANG_WARN_DIRECT_OBJC_ISA_USAGE = YES_ERROR;
				CLANG_WARN_DOCUMENTATION_COMMENTS = YES;
				CLANG_WARN_EMPTY_BODY = YES;
				CLANG_WARN_ENUM_CONVERSION = YES;
				CLANG_WARN_INFINITE_RECURSION = YES;
				CLANG_WARN_INT_CONVERSION = YES;
				CLANG_WARN_NON_LITERAL_NULL_CONVERSION = YES;
				CLANG_WARN_OBJC_IMPLICIT_RETAIN_SELF = YES;
				CLANG_WARN_OBJC_LITERAL_CONVERSION = YES;
				CLANG_WARN_OBJC_ROOT_CLASS = YES_ERROR;
				CLANG_WARN_RANGE_LOOP_ANALYSIS = YES;
				CLANG_WARN_STRICT_PROTOTYPES = YES;
				CLANG_WARN_SUSPICIOUS_MOVE = YES;
				CLANG_WARN_UNGUARDED_AVAILABILITY = YES_AGGRESSIVE;
				CLANG_WARN_UNREACHABLE_CODE = YES;
				CLANG_WARN__DUPLICATE_METHOD_MATCH = YES;
				CODE_SIGN_IDENTITY = "iPhone Developer";
				COPY_PHASE_STRIP = NO;
				DEBUG_INFORMATION_FORMAT = "dwarf-with-dsym";
				ENABLE_NS_ASSERTIONS = NO;
				ENABLE_STRICT_OBJC_MSGSEND = YES;
				GCC_C_LANGUAGE_STANDARD = gnu11;
				GCC_NO_COMMON_BLOCKS = YES;
				GCC_WARN_64_TO_32_BIT_CONVERSION = YES;
				GCC_WARN_ABOUT_RETURN_TYPE = YES_ERROR;
				GCC_WARN_UNDECLARED_SELECTOR = YES;
				GCC_WARN_UNINITIALIZED_AUTOS = YES_AGGRESSIVE;
				GCC_WARN_UNUSED_FUNCTION = YES;
				GCC_WARN_UNUSED_VARIABLE = YES;
				IPHONEOS_DEPLOYMENT_TARGET = 11.4;
				MTL_ENABLE_DEBUG_INFO = NO;
				SDKROOT = iphoneos;
				SWIFT_COMPILATION_MODE = wholemodule;
				SWIFT_OPTIMIZATION_LEVEL = "-O";
				VALIDATE_PRODUCT = YES;
			};
			name = Release;
		};
		4F655E5D21441EDD00FE10C7 /* Debug */ = {
			isa = XCBuildConfiguration;
			baseConfigurationReference = 11C63C8F63440D66E97E6568 /* Pods-AlamofireObjectMapperKit.debug.xcconfig */;
			buildSettings = {
				ASSETCATALOG_COMPILER_APPICON_NAME = AppIcon;
				CODE_SIGN_STYLE = Automatic;
				DEVELOPMENT_TEAM = S5R9P66N72;
				INFOPLIST_FILE = AlamofireObjectMapperKit/Info.plist;
				LD_RUNPATH_SEARCH_PATHS = (
					"$(inherited)",
					"@executable_path/Frameworks",
				);
				PRODUCT_BUNDLE_IDENTIFIER = com.ax.net.AlamofireObjectMapperKit;
				PRODUCT_NAME = "$(TARGET_NAME)";
				SWIFT_VERSION = 4.0;
				TARGETED_DEVICE_FAMILY = "1,2";
			};
			name = Debug;
		};
		4F655E5E21441EDD00FE10C7 /* Release */ = {
			isa = XCBuildConfiguration;
			baseConfigurationReference = 1C59C51414BCFB8AC9A22B7E /* Pods-AlamofireObjectMapperKit.release.xcconfig */;
			buildSettings = {
				ASSETCATALOG_COMPILER_APPICON_NAME = AppIcon;
				CODE_SIGN_STYLE = Automatic;
				DEVELOPMENT_TEAM = S5R9P66N72;
				INFOPLIST_FILE = AlamofireObjectMapperKit/Info.plist;
				LD_RUNPATH_SEARCH_PATHS = (
					"$(inherited)",
					"@executable_path/Frameworks",
				);
				PRODUCT_BUNDLE_IDENTIFIER = com.ax.net.AlamofireObjectMapperKit;
				PRODUCT_NAME = "$(TARGET_NAME)";
				SWIFT_VERSION = 4.0;
				TARGETED_DEVICE_FAMILY = "1,2";
			};
			name = Release;
		};
/* End XCBuildConfiguration section */

/* Begin XCConfigurationList section */
		4F655E4521441ED300FE10C7 /* Build configuration list for PBXProject "AlamofireObjectMapperKit" */ = {
			isa = XCConfigurationList;
			buildConfigurations = (
				4F655E5A21441EDD00FE10C7 /* Debug */,
				4F655E5B21441EDD00FE10C7 /* Release */,
			);
			defaultConfigurationIsVisible = 0;
			defaultConfigurationName = Release;
		};
		4F655E5C21441EDD00FE10C7 /* Build configuration list for PBXNativeTarget "AlamofireObjectMapperKit" */ = {
			isa = XCConfigurationList;
			buildConfigurations = (
				4F655E5D21441EDD00FE10C7 /* Debug */,
				4F655E5E21441EDD00FE10C7 /* Release */,
			);
			defaultConfigurationIsVisible = 0;
			defaultConfigurationName = Release;
		};
/* End XCConfigurationList section */
	};
	rootObject = 4F655E4221441ED300FE10C7 /* Project object */;
}
